{
  "name": "nuit-de-linfo",
  "version": "1.0.0",
  "lockfileVersion": 3,
  "requires": true,
  "packages": {
    "": {
      "name": "nuit-de-linfo",
      "version": "1.0.0",
      "license": "ISC",
      "dependencies": {
        "nuit-de-linfo": "file:"
      }
    },
    "node_modules/nuit-de-linfo": {
      "resolved": "",
      "link": true
    }
  }
}
